
Microsoft Visual Studio Solution File, Format Version 12.00
# Visual Studio Version 17
VisualStudioVersion = 17.10.35013.160
MinimumVisualStudioVersion = 10.0.40219.1
Project("{FAE04EC0-301F-11D3-BF4B-00C04F79EFBC}") = "ToDoWin", "ToDoWin\ToDoWin.csproj", "{F52B5ABA-7A83-486D-9849-ABEAA23F7934}"
EndProject
Project("{54435603-DBB4-11D2-8724-00A0C9A8B90C}") = "Setup ToDoWin", "Setup ToDoWin\Setup ToDoWin.vdproj", "{041A1B46-1ED2-47A4-815B-96C5878B70D5}"
EndProject
Global
	GlobalSection(SolutionConfigurationPlatforms) = preSolution
		Debug|Any CPU = Debug|Any CPU
		Release|Any CPU = Release|Any CPU
	EndGlobalSection
	GlobalSection(ProjectConfigurationPlatforms) = postSolution
		{F52B5ABA-7A83-486D-9849-ABEAA23F7934}.Debug|Any CPU.ActiveCfg = Debug|Any CPU
		{F52B5ABA-7A83-486D-9849-ABEAA23F7934}.Debug|Any CPU.Build.0 = Debug|Any CPU
		{F52B5ABA-7A83-486D-9849-ABEAA23F7934}.Release|Any CPU.ActiveCfg = Release|Any CPU
		{F52B5ABA-7A83-486D-9849-ABEAA23F7934}.Release|Any CPU.Build.0 = Release|Any CPU
		{041A1B46-1ED2-47A4-815B-96C5878B70D5}.Debug|Any CPU.ActiveCfg = Debug
		{041A1B46-1ED2-47A4-815B-96C5878B70D5}.Release|Any CPU.ActiveCfg = Release
	EndGlobalSection
	GlobalSection(SolutionProperties) = preSolution
		HideSolutionNode = FALSE
	EndGlobalSection
	GlobalSection(ExtensibilityGlobals) = postSolution
		SolutionGuid = {DEA6FE8F-3641-43F4-AD35-76F8F59868D3}
	EndGlobalSection
EndGlobal
